
Microsoft Visual Studio Solution File, Format Version 12.00
# Visual Studio Version 16
VisualStudioVersion = 16.0.31205.134
MinimumVisualStudioVersion = 10.0.40219.1
Project("{9A19103F-16F7-4668-BE54-9A1E7A4F7556}") = "BookHaven", "BookHaven.csproj", "{B654806B-D250-40F6-97E1-D8A7AC4204E7}"
EndProject
Global
	GlobalSection(SolutionConfigurationPlatforms) = preSolution
		Debug|Any CPU = Debug|Any CPU
		Release|Any CPU = Release|Any CPU
	EndGlobalSection
	GlobalSection(ProjectConfigurationPlatforms) = postSolution
		{B654806B-D250-40F6-97E1-D8A7AC4204E7}.Debug|Any CPU.ActiveCfg = Debug|Any CPU
		{B654806B-D250-40F6-97E1-D8A7AC4204E7}.Debug|Any CPU.Build.0 = Debug|Any CPU
		{B654806B-D250-40F6-97E1-D8A7AC4204E7}.Release|Any CPU.ActiveCfg = Release|Any CPU
		{B654806B-D250-40F6-97E1-D8A7AC4204E7}.Release|Any CPU.Build.0 = Release|Any CPU
	EndGlobalSection
	GlobalSection(SolutionProperties) = preSolution
		HideSolutionNode = FALSE
	EndGlobalSection
	GlobalSection(ExtensibilityGlobals) = postSolution
		SolutionGuid = {13444916-86EC-435F-A7DE-70779AA4EAE8}
	EndGlobalSection
EndGlobal
